// !$*UTF8*$!
{
	archiveVersion = 1;
	classes = {
	};
	objectVersion = 46;
	objects = {

/* Begin PBXBuildFile section */
		11A351241F0B67B1006134A2 /* main.m in Sources */ = {isa = PBXBuildFile; fileRef = 11A351231F0B67B1006134A2 /* main.m */; };
		11A351271F0B67B1006134A2 /* AppDelegate.m in Sources */ = {isa = PBXBuildFile; fileRef = 11A351261F0B67B1006134A2 /* AppDelegate.m */; };
		11A3512F1F0B67B1006134A2 /* Assets.xcassets in Resources */ = {isa = PBXBuildFile; fileRef = 11A3512E1F0B67B1006134A2 /* Assets.xcassets */; };
		11A351321F0B67B1006134A2 /* LaunchScreen.storyboard in Resources */ = {isa = PBXBuildFile; fileRef = 11A351301F0B67B1006134A2 /* LaunchScreen.storyboard */; };
		11A3513D1F0B6BFD006134A2 /* BLLoginController.m in Sources */ = {isa = PBXBuildFile; fileRef = 11A3513C1F0B6BFD006134A2 /* BLLoginController.m */; };
		11A3513F1F0B6C12006134A2 /* BLLoginController.storyboard in Resources */ = {isa = PBXBuildFile; fileRef = 11A3513E1F0B6C12006134A2 /* BLLoginController.storyboard */; };
		11A351431F0B6ED6006134A2 /* BLTabBarController.m in Sources */ = {isa = PBXBuildFile; fileRef = 11A351421F0B6ED6006134A2 /* BLTabBarController.m */; };
		11A352491F0B8BA8006134A2 /* MobileCoreServices.framework in Frameworks */ = {isa = PBXBuildFile; fileRef = 11A352481F0B8BA8006134A2 /* MobileCoreServices.framework */; };
		11A3524B1F0B8BAF006134A2 /* CFNetwork.framework in Frameworks */ = {isa = PBXBuildFile; fileRef = 11A3524A1F0B8BAF006134A2 /* CFNetwork.framework */; };
		11A3524D1F0B8BD2006134A2 /* libsqlite3.tbd in Frameworks */ = {isa = PBXBuildFile; fileRef = 11A3524C1F0B8BD2006134A2 /* libsqlite3.tbd */; };
		11A3524F1F0B8BD9006134A2 /* libstdc++.6.0.9.tbd in Frameworks */ = {isa = PBXBuildFile; fileRef = 11A3524E1F0B8BD9006134A2 /* libstdc++.6.0.9.tbd */; };
		11A352511F0B8BE3006134A2 /* libz.tbd in Frameworks */ = {isa = PBXBuildFile; fileRef = 11A352501F0B8BE3006134A2 /* libz.tbd */; };
		11A352531F0B8BF2006134A2 /* libiconv.tbd in Frameworks */ = {isa = PBXBuildFile; fileRef = 11A352521F0B8BF2006134A2 /* libiconv.tbd */; };
		11A352551F0B8BFB006134A2 /* libresolv.tbd in Frameworks */ = {isa = PBXBuildFile; fileRef = 11A352541F0B8BFB006134A2 /* libresolv.tbd */; };
		11A352571F0B8C01006134A2 /* libxml2.tbd in Frameworks */ = {isa = PBXBuildFile; fileRef = 11A352561F0B8C01006134A2 /* libxml2.tbd */; };
		11A3525A1F0B92DB006134A2 /* BLNavController.m in Sources */ = {isa = PBXBuildFile; fileRef = 11A352591F0B92DB006134A2 /* BLNavController.m */; };
		11A352691F0B950E006134A2 /* BLConversationVC.m in Sources */ = {isa = PBXBuildFile; fileRef = 11A352681F0B950E006134A2 /* BLConversationVC.m */; };
		11A3526C1F0B9520006134A2 /* BLAddressBookVC.m in Sources */ = {isa = PBXBuildFile; fileRef = 11A3526B1F0B9520006134A2 /* BLAddressBookVC.m */; };
		11A3526F1F0B9530006134A2 /* BLConfigVC.m in Sources */ = {isa = PBXBuildFile; fileRef = 11A3526E1F0B9530006134A2 /* BLConfigVC.m */; };
		95803123E031E032E7DAB3D3 /* libPods-EMDemo.a in Frameworks */ = {isa = PBXBuildFile; fileRef = D8EE9868ED12D5A0EDC42BF2 /* libPods-EMDemo.a */; settings = {ATTRIBUTES = (Required, ); }; };
/* End PBXBuildFile section */

/* Begin PBXFileReference section */
		11A3511F1F0B67B1006134A2 /* EMDemo.app */ = {isa = PBXFileReference; explicitFileType = wrapper.application; includeInIndex = 0; path = EMDemo.app; sourceTree = BUILT_PRODUCTS_DIR; };
		11A351231F0B67B1006134A2 /* main.m */ = {isa = PBXFileReference; lastKnownFileType = sourcecode.c.objc; path = main.m; sourceTree = "<group>"; };
		11A351251F0B67B1006134A2 /* AppDelegate.h */ = {isa = PBXFileReference; lastKnownFileType = sourcecode.c.h; path = AppDelegate.h; sourceTree = "<group>"; };
		11A351261F0B67B1006134A2 /* AppDelegate.m */ = {isa = PBXFileReference; lastKnownFileType = sourcecode.c.objc; path = AppDelegate.m; sourceTree = "<group>"; };
		11A3512E1F0B67B1006134A2 /* Assets.xcassets */ = {isa = PBXFileReference; lastKnownFileType = folder.assetcatalog; path = Assets.xcassets; sourceTree = "<group>"; };
		11A351311F0B67B1006134A2 /* Base */ = {isa = PBXFileReference; lastKnownFileType = file.storyboard; name = Base; path = Base.lproj/LaunchScreen.storyboard; sourceTree = "<group>"; };
		11A351331F0B67B1006134A2 /* Info.plist */ = {isa = PBXFileReference; lastKnownFileType = text.plist.xml; path = Info.plist; sourceTree = "<group>"; };
		11A3513B1F0B6BFD006134A2 /* BLLoginController.h */ = {isa = PBXFileReference; fileEncoding = 4; lastKnownFileType = sourcecode.c.h; path = BLLoginController.h; sourceTree = "<group>"; };
		11A3513C1F0B6BFD006134A2 /* BLLoginController.m */ = {isa = PBXFileReference; fileEncoding = 4; lastKnownFileType = sourcecode.c.objc; path = BLLoginController.m; sourceTree = "<group>"; };
		11A3513E1F0B6C12006134A2 /* BLLoginController.storyboard */ = {isa = PBXFileReference; fileEncoding = 4; lastKnownFileType = file.storyboard; path = BLLoginController.storyboard; sourceTree = "<group>"; };
		11A351411F0B6ED6006134A2 /* BLTabBarController.h */ = {isa = PBXFileReference; fileEncoding = 4; lastKnownFileType = sourcecode.c.h; path = BLTabBarController.h; sourceTree = "<group>"; };
		11A351421F0B6ED6006134A2 /* BLTabBarController.m */ = {isa = PBXFileReference; fileEncoding = 4; lastKnownFileType = sourcecode.c.objc; path = BLTabBarController.m; sourceTree = "<group>"; };
		11A352481F0B8BA8006134A2 /* MobileCoreServices.framework */ = {isa = PBXFileReference; lastKnownFileType = wrapper.framework; name = MobileCoreServices.framework; path = System/Library/Frameworks/MobileCoreServices.framework; sourceTree = SDKROOT; };
		11A3524A1F0B8BAF006134A2 /* CFNetwork.framework */ = {isa = PBXFileReference; lastKnownFileType = wrapper.framework; name = CFNetwork.framework; path = System/Library/Frameworks/CFNetwork.framework; sourceTree = SDKROOT; };
		11A3524C1F0B8BD2006134A2 /* libsqlite3.tbd */ = {isa = PBXFileReference; lastKnownFileType = "sourcecode.text-based-dylib-definition"; name = libsqlite3.tbd; path = usr/lib/libsqlite3.tbd; sourceTree = SDKROOT; };
		11A3524E1F0B8BD9006134A2 /* libstdc++.6.0.9.tbd */ = {isa = PBXFileReference; lastKnownFileType = "sourcecode.text-based-dylib-definition"; name = "libstdc++.6.0.9.tbd"; path = "usr/lib/libstdc++.6.0.9.tbd"; sourceTree = SDKROOT; };
		11A352501F0B8BE3006134A2 /* libz.tbd */ = {isa = PBXFileReference; lastKnownFileType = "sourcecode.text-based-dylib-definition"; name = libz.tbd; path = usr/lib/libz.tbd; sourceTree = SDKROOT; };
		11A352521F0B8BF2006134A2 /* libiconv.tbd */ = {isa = PBXFileReference; lastKnownFileType = "sourcecode.text-based-dylib-definition"; name = libiconv.tbd; path = usr/lib/libiconv.tbd; sourceTree = SDKROOT; };
		11A352541F0B8BFB006134A2 /* libresolv.tbd */ = {isa = PBXFileReference; lastKnownFileType = "sourcecode.text-based-dylib-definition"; name = libresolv.tbd; path = usr/lib/libresolv.tbd; sourceTree = SDKROOT; };
		11A352561F0B8C01006134A2 /* libxml2.tbd */ = {isa = PBXFileReference; lastKnownFileType = "sourcecode.text-based-dylib-definition"; name = libxml2.tbd; path = usr/lib/libxml2.tbd; sourceTree = SDKROOT; };
		11A352581F0B92DB006134A2 /* BLNavController.h */ = {isa = PBXFileReference; fileEncoding = 4; lastKnownFileType = sourcecode.c.h; path = BLNavController.h; sourceTree = "<group>"; };
		11A352591F0B92DB006134A2 /* BLNavController.m */ = {isa = PBXFileReference; fileEncoding = 4; lastKnownFileType = sourcecode.c.objc; path = BLNavController.m; sourceTree = "<group>"; };
		11A352671F0B950E006134A2 /* BLConversationVC.h */ = {isa = PBXFileReference; fileEncoding = 4; lastKnownFileType = sourcecode.c.h; path = BLConversationVC.h; sourceTree = "<group>"; };
		11A352681F0B950E006134A2 /* BLConversationVC.m */ = {isa = PBXFileReference; fileEncoding = 4; lastKnownFileType = sourcecode.c.objc; path = BLConversationVC.m; sourceTree = "<group>"; };
		11A3526A1F0B9520006134A2 /* BLAddressBookVC.h */ = {isa = PBXFileReference; fileEncoding = 4; lastKnownFileType = sourcecode.c.h; path = BLAddressBookVC.h; sourceTree = "<group>"; };
		11A3526B1F0B9520006134A2 /* BLAddressBookVC.m */ = {isa = PBXFileReference; fileEncoding = 4; lastKnownFileType = sourcecode.c.objc; path = BLAddressBookVC.m; sourceTree = "<group>"; };
		11A3526D1F0B9530006134A2 /* BLConfigVC.h */ = {isa = PBXFileReference; fileEncoding = 4; lastKnownFileType = sourcecode.c.h; path = BLConfigVC.h; sourceTree = "<group>"; };
		11A3526E1F0B9530006134A2 /* BLConfigVC.m */ = {isa = PBXFileReference; fileEncoding = 4; lastKnownFileType = sourcecode.c.objc; path = BLConfigVC.m; sourceTree = "<group>"; };
		3B16CBE178394FD6D1C7D6D8 /* Pods-EMDemo.release.xcconfig */ = {isa = PBXFileReference; includeInIndex = 1; lastKnownFileType = text.xcconfig; name = "Pods-EMDemo.release.xcconfig"; path = "Pods/Target Support Files/Pods-EMDemo/Pods-EMDemo.release.xcconfig"; sourceTree = "<group>"; };
		68552156E6C54B0F3BC50D0A /* Pods-EMDemo.debug.xcconfig */ = {isa = PBXFileReference; includeInIndex = 1; lastKnownFileType = text.xcconfig; name = "Pods-EMDemo.debug.xcconfig"; path = "Pods/Target Support Files/Pods-EMDemo/Pods-EMDemo.debug.xcconfig"; sourceTree = "<group>"; };
		D8EE9868ED12D5A0EDC42BF2 /* libPods-EMDemo.a */ = {isa = PBXFileReference; explicitFileType = archive.ar; includeInIndex = 0; path = "libPods-EMDemo.a"; sourceTree = BUILT_PRODUCTS_DIR; };
/* End PBXFileReference section */

/* Begin PBXFrameworksBuildPhase section */
		11A3511C1F0B67B1006134A2 /* Frameworks */ = {
			isa = PBXFrameworksBuildPhase;
			buildActionMask = 2147483647;
			files = (
				11A352571F0B8C01006134A2 /* libxml2.tbd in Frameworks */,
				11A352551F0B8BFB006134A2 /* libresolv.tbd in Frameworks */,
				11A352531F0B8BF2006134A2 /* libiconv.tbd in Frameworks */,
				11A352511F0B8BE3006134A2 /* libz.tbd in Frameworks */,
				11A3524F1F0B8BD9006134A2 /* libstdc++.6.0.9.tbd in Frameworks */,
				11A3524D1F0B8BD2006134A2 /* libsqlite3.tbd in Frameworks */,
				11A3524B1F0B8BAF006134A2 /* CFNetwork.framework in Frameworks */,
				11A352491F0B8BA8006134A2 /* MobileCoreServices.framework in Frameworks */,
				95803123E031E032E7DAB3D3 /* libPods-EMDemo.a in Frameworks */,
			);
			runOnlyForDeploymentPostprocessing = 0;
		};
/* End PBXFrameworksBuildPhase section */

/* Begin PBXGroup section */
		11A351161F0B67B1006134A2 = {
			isa = PBXGroup;
			children = (
				11A351211F0B67B1006134A2 /* EMDemo */,
				11A351201F0B67B1006134A2 /* Products */,
				8E6B0FBDDE89BB2C4190E624 /* Pods */,
				AF04051B8D282687BAC8820E /* Frameworks */,
			);
			sourceTree = "<group>";
		};
		11A351201F0B67B1006134A2 /* Products */ = {
			isa = PBXGroup;
			children = (
				11A3511F1F0B67B1006134A2 /* EMDemo.app */,
			);
			name = Products;
			sourceTree = "<group>";
		};
		11A351211F0B67B1006134A2 /* EMDemo */ = {
			isa = PBXGroup;
			children = (
				11A351401F0B6E89006134A2 /* Main */,
				11A3513A1F0B6BA6006134A2 /* Login */,
				11A351391F0B67C6006134A2 /* AppDelegate */,
				11A351221F0B67B1006134A2 /* Supporting Files */,
			);
			path = EMDemo;
			sourceTree = "<group>";
		};
		11A351221F0B67B1006134A2 /* Supporting Files */ = {
			isa = PBXGroup;
			children = (
				11A3512E1F0B67B1006134A2 /* Assets.xcassets */,
				11A351301F0B67B1006134A2 /* LaunchScreen.storyboard */,
				11A351331F0B67B1006134A2 /* Info.plist */,
				11A351231F0B67B1006134A2 /* main.m */,
			);
			name = "Supporting Files";
			sourceTree = "<group>";
		};
		11A351391F0B67C6006134A2 /* AppDelegate */ = {
			isa = PBXGroup;
			children = (
				11A351251F0B67B1006134A2 /* AppDelegate.h */,
				11A351261F0B67B1006134A2 /* AppDelegate.m */,
			);
			name = AppDelegate;
			sourceTree = "<group>";
		};
		11A3513A1F0B6BA6006134A2 /* Login */ = {
			isa = PBXGroup;
			children = (
				11A3513B1F0B6BFD006134A2 /* BLLoginController.h */,
				11A3513C1F0B6BFD006134A2 /* BLLoginController.m */,
				11A3513E1F0B6C12006134A2 /* BLLoginController.storyboard */,
			);
			name = Login;
			sourceTree = "<group>";
		};
		11A351401F0B6E89006134A2 /* Main */ = {
			isa = PBXGroup;
			children = (
				11A351411F0B6ED6006134A2 /* BLTabBarController.h */,
				11A351421F0B6ED6006134A2 /* BLTabBarController.m */,
				11A352581F0B92DB006134A2 /* BLNavController.h */,
				11A352591F0B92DB006134A2 /* BLNavController.m */,
				11A3525B1F0B94BA006134A2 /* 聊天 */,
				11A3525F1F0B94BA006134A2 /* 设置 */,
				11A352631F0B94BA006134A2 /* 通讯录 */,
			);
			name = Main;
			sourceTree = "<group>";
		};
		11A3525B1F0B94BA006134A2 /* 聊天 */ = {
			isa = PBXGroup;
			children = (
				11A3525C1F0B94BA006134A2 /* Controller */,
				11A3525D1F0B94BA006134A2 /* Model */,
				11A3525E1F0B94BA006134A2 /* View */,
			);
			path = "聊天";
			sourceTree = "<group>";
		};
		11A3525C1F0B94BA006134A2 /* Controller */ = {
			isa = PBXGroup;
			children = (
				11A352671F0B950E006134A2 /* BLConversationVC.h */,
				11A352681F0B950E006134A2 /* BLConversationVC.m */,
			);
			path = Controller;
			sourceTree = "<group>";
		};
		11A3525D1F0B94BA006134A2 /* Model */ = {
			isa = PBXGroup;
			children = (
			);
			path = Model;
			sourceTree = "<group>";
		};
		11A3525E1F0B94BA006134A2 /* View */ = {
			isa = PBXGroup;
			children = (
			);
			path = View;
			sourceTree = "<group>";
		};
		11A3525F1F0B94BA006134A2 /* 设置 */ = {
			isa = PBXGroup;
			children = (
				11A352601F0B94BA006134A2 /* Controller */,
				11A352611F0B94BA006134A2 /* Model */,
				11A352621F0B94BA006134A2 /* View */,
			);
			path = "设置";
			sourceTree = "<group>";
		};
		11A352601F0B94BA006134A2 /* Controller */ = {
			isa = PBXGroup;
			children = (
				11A3526A1F0B9520006134A2 /* BLAddressBookVC.h */,
				11A3526B1F0B9520006134A2 /* BLAddressBookVC.m */,
			);
			path = Controller;
			sourceTree = "<group>";
		};
		11A352611F0B94BA006134A2 /* Model */ = {
			isa = PBXGroup;
			children = (
			);
			path = Model;
			sourceTree = "<group>";
		};
		11A352621F0B94BA006134A2 /* View */ = {
			isa = PBXGroup;
			children = (
			);
			path = View;
			sourceTree = "<group>";
		};
		11A352631F0B94BA006134A2 /* 通讯录 */ = {
			isa = PBXGroup;
			children = (
				11A352641F0B94BA006134A2 /* Controller */,
				11A352651F0B94BA006134A2 /* Model */,
				11A352661F0B94BA006134A2 /* View */,
			);
			path = "通讯录";
			sourceTree = "<group>";
		};
		11A352641F0B94BA006134A2 /* Controller */ = {
			isa = PBXGroup;
			children = (
				11A3526D1F0B9530006134A2 /* BLConfigVC.h */,
				11A3526E1F0B9530006134A2 /* BLConfigVC.m */,
			);
			path = Controller;
			sourceTree = "<group>";
		};
		11A352651F0B94BA006134A2 /* Model */ = {
			isa = PBXGroup;
			children = (
			);
			path = Model;
			sourceTree = "<group>";
		};
		11A352661F0B94BA006134A2 /* View */ = {
			isa = PBXGroup;
			children = (
			);
			path = View;
			sourceTree = "<group>";
		};
		8E6B0FBDDE89BB2C4190E624 /* Pods */ = {
			isa = PBXGroup;
			children = (
				68552156E6C54B0F3BC50D0A /* Pods-EMDemo.debug.xcconfig */,
				3B16CBE178394FD6D1C7D6D8 /* Pods-EMDemo.release.xcconfig */,
			);
			name = Pods;
			sourceTree = "<group>";
		};
		AF04051B8D282687BAC8820E /* Frameworks */ = {
			isa = PBXGroup;
			children = (
				11A352561F0B8C01006134A2 /* libxml2.tbd */,
				11A352541F0B8BFB006134A2 /* libresolv.tbd */,
				11A352521F0B8BF2006134A2 /* libiconv.tbd */,
				11A352501F0B8BE3006134A2 /* libz.tbd */,
				11A3524E1F0B8BD9006134A2 /* libstdc++.6.0.9.tbd */,
				11A3524C1F0B8BD2006134A2 /* libsqlite3.tbd */,
				11A3524A1F0B8BAF006134A2 /* CFNetwork.framework */,
				11A352481F0B8BA8006134A2 /* MobileCoreServices.framework */,
				D8EE9868ED12D5A0EDC42BF2 /* libPods-EMDemo.a */,
			);
			name = Frameworks;
			sourceTree = "<group>";
		};
/* End PBXGroup section */

/* Begin PBXNativeTarget section */
		11A3511E1F0B67B1006134A2 /* EMDemo */ = {
			isa = PBXNativeTarget;
			buildConfigurationList = 11A351361F0B67B1006134A2 /* Build configuration list for PBXNativeTarget "EMDemo" */;
			buildPhases = (
				DF5E8D8033ADE786D99ACEAA /* [CP] Check Pods Manifest.lock */,
				11A3511B1F0B67B1006134A2 /* Sources */,
				11A3511C1F0B67B1006134A2 /* Frameworks */,
				11A3511D1F0B67B1006134A2 /* Resources */,
				E1111D2401BE83788F7C2AFA /* [CP] Embed Pods Frameworks */,
				C57D1AB9C51748633E2FFA20 /* [CP] Copy Pods Resources */,
			);
			buildRules = (
			);
			dependencies = (
			);
			name = EMDemo;
			productName = EMDemo;
			productReference = 11A3511F1F0B67B1006134A2 /* EMDemo.app */;
			productType = "com.apple.product-type.application";
		};
/* End PBXNativeTarget section */

/* Begin PBXProject section */
		11A351171F0B67B1006134A2 /* Project object */ = {
			isa = PBXProject;
			attributes = {
				LastUpgradeCheck = 0830;
				ORGANIZATIONNAME = "Mac-b";
				TargetAttributes = {
					11A3511E1F0B67B1006134A2 = {
						CreatedOnToolsVersion = 8.3.2;
						DevelopmentTeam = 5S24Y9KL4M;
						ProvisioningStyle = Automatic;
					};
				};
			};
			buildConfigurationList = 11A3511A1F0B67B1006134A2 /* Build configuration list for PBXProject "EMDemo" */;
			compatibilityVersion = "Xcode 3.2";
			developmentRegion = English;
			hasScannedForEncodings = 0;
			knownRegions = (
				en,
				Base,
			);
			mainGroup = 11A351161F0B67B1006134A2;
			productRefGroup = 11A351201F0B67B1006134A2 /* Products */;
			projectDirPath = "";
			projectRoot = "";
			targets = (
				11A3511E1F0B67B1006134A2 /* EMDemo */,
			);
		};
/* End PBXProject section */

/* Begin PBXResourcesBuildPhase section */
		11A3511D1F0B67B1006134A2 /* Resources */ = {
			isa = PBXResourcesBuildPhase;
			buildActionMask = 2147483647;
			files = (
				11A351321F0B67B1006134A2 /* LaunchScreen.storyboard in Resources */,
				11A3513F1F0B6C12006134A2 /* BLLoginController.storyboard in Resources */,
				11A3512F1F0B67B1006134A2 /* Assets.xcassets in Resources */,
			);
			runOnlyForDeploymentPostprocessing = 0;
		};
/* End PBXResourcesBuildPhase section */

/* Begin PBXShellScriptBuildPhase section */
		C57D1AB9C51748633E2FFA20 /* [CP] Copy Pods Resources */ = {
			isa = PBXShellScriptBuildPhase;
			buildActionMask = 2147483647;
			files = (
			);
			inputPaths = (
			);
			name = "[CP] Copy Pods Resources";
			outputPaths = (
			);
			runOnlyForDeploymentPostprocessing = 0;
			shellPath = /bin/sh;
			shellScript = "\"${SRCROOT}/Pods/Target Support Files/Pods-EMDemo/Pods-EMDemo-resources.sh\"\n";
			showEnvVarsInLog = 0;
		};
		DF5E8D8033ADE786D99ACEAA /* [CP] Check Pods Manifest.lock */ = {
			isa = PBXShellScriptBuildPhase;
			buildActionMask = 2147483647;
			files = (
			);
			inputPaths = (
			);
			name = "[CP] Check Pods Manifest.lock";
			outputPaths = (
			);
			runOnlyForDeploymentPostprocessing = 0;
			shellPath = /bin/sh;
			shellScript = "diff \"${PODS_PODFILE_DIR_PATH}/Podfile.lock\" \"${PODS_ROOT}/Manifest.lock\" > /dev/null\nif [ $? != 0 ] ; then\n    # print error to STDERR\n    echo \"error: The sandbox is not in sync with the Podfile.lock. Run 'pod install' or update your CocoaPods installation.\" >&2\n    exit 1\nfi\n";
			showEnvVarsInLog = 0;
		};
		E1111D2401BE83788F7C2AFA /* [CP] Embed Pods Frameworks */ = {
			isa = PBXShellScriptBuildPhase;
			buildActionMask = 2147483647;
			files = (
			);
			inputPaths = (
			);
			name = "[CP] Embed Pods Frameworks";
			outputPaths = (
			);
			runOnlyForDeploymentPostprocessing = 0;
			shellPath = /bin/sh;
			shellScript = "\"${SRCROOT}/Pods/Target Support Files/Pods-EMDemo/Pods-EMDemo-frameworks.sh\"\n";
			showEnvVarsInLog = 0;
		};
/* End PBXShellScriptBuildPhase section */

/* Begin PBXSourcesBuildPhase section */
		11A3511B1F0B67B1006134A2 /* Sources */ = {
			isa = PBXSourcesBuildPhase;
			buildActionMask = 2147483647;
			files = (
				11A351271F0B67B1006134A2 /* AppDelegate.m in Sources */,
				11A3525A1F0B92DB006134A2 /* BLNavController.m in Sources */,
				11A3526C1F0B9520006134A2 /* BLAddressBookVC.m in Sources */,
				11A351431F0B6ED6006134A2 /* BLTabBarController.m in Sources */,
				11A3526F1F0B9530006134A2 /* BLConfigVC.m in Sources */,
				11A3513D1F0B6BFD006134A2 /* BLLoginController.m in Sources */,
				11A351241F0B67B1006134A2 /* main.m in Sources */,
				11A352691F0B950E006134A2 /* BLConversationVC.m in Sources */,
			);
			runOnlyForDeploymentPostprocessing = 0;
		};
/* End PBXSourcesBuildPhase section */

/* Begin PBXVariantGroup section */
		11A351301F0B67B1006134A2 /* LaunchScreen.storyboard */ = {
			isa = PBXVariantGroup;
			children = (
				11A351311F0B67B1006134A2 /* Base */,
			);
			name = LaunchScreen.storyboard;
			sourceTree = "<group>";
		};
/* End PBXVariantGroup section */

/* Begin XCBuildConfiguration section */
		11A351341F0B67B1006134A2 /* Debug */ = {
			isa = XCBuildConfiguration;
			buildSettings = {
				ALWAYS_SEARCH_USER_PATHS = NO;
				CLANG_ANALYZER_NONNULL = YES;
				CLANG_ANALYZER_NUMBER_OBJECT_CONVERSION = YES_AGGRESSIVE;
				CLANG_CXX_LANGUAGE_STANDARD = "gnu++0x";
				CLANG_CXX_LIBRARY = "libc++";
				CLANG_ENABLE_MODULES = YES;
				CLANG_ENABLE_OBJC_ARC = YES;
				CLANG_WARN_BOOL_CONVERSION = YES;
				CLANG_WARN_CONSTANT_CONVERSION = YES;
				CLANG_WARN_DIRECT_OBJC_ISA_USAGE = YES_ERROR;
				CLANG_WARN_DOCUMENTATION_COMMENTS = YES;
				CLANG_WARN_EMPTY_BODY = YES;
				CLANG_WARN_ENUM_CONVERSION = YES;
				CLANG_WARN_INFINITE_RECURSION = YES;
				CLANG_WARN_INT_CONVERSION = YES;
				CLANG_WARN_OBJC_ROOT_CLASS = YES_ERROR;
				CLANG_WARN_SUSPICIOUS_MOVE = YES;
				CLANG_WARN_UNREACHABLE_CODE = YES;
				CLANG_WARN__DUPLICATE_METHOD_MATCH = YES;
				"CODE_SIGN_IDENTITY[sdk=iphoneos*]" = "iPhone Developer";
				COPY_PHASE_STRIP = NO;
				DEBUG_INFORMATION_FORMAT = dwarf;
				ENABLE_STRICT_OBJC_MSGSEND = YES;
				ENABLE_TESTABILITY = YES;
				GCC_C_LANGUAGE_STANDARD = gnu99;
				GCC_DYNAMIC_NO_PIC = NO;
				GCC_NO_COMMON_BLOCKS = YES;
				GCC_OPTIMIZATION_LEVEL = 0;
				GCC_PREPROCESSOR_DEFINITIONS = (
					"DEBUG=1",
					"$(inherited)",
				);
				GCC_WARN_64_TO_32_BIT_CONVERSION = YES;
				GCC_WARN_ABOUT_RETURN_TYPE = YES_ERROR;
				GCC_WARN_UNDECLARED_SELECTOR = YES;
				GCC_WARN_UNINITIALIZED_AUTOS = YES_AGGRESSIVE;
				GCC_WARN_UNUSED_FUNCTION = YES;
				GCC_WARN_UNUSED_VARIABLE = YES;
				IPHONEOS_DEPLOYMENT_TARGET = 10.3;
				MTL_ENABLE_DEBUG_INFO = YES;
				ONLY_ACTIVE_ARCH = YES;
				SDKROOT = iphoneos;
				TARGETED_DEVICE_FAMILY = "1,2";
			};
			name = Debug;
		};
		11A351351F0B67B1006134A2 /* Release */ = {
			isa = XCBuildConfiguration;
			buildSettings = {
				ALWAYS_SEARCH_USER_PATHS = NO;
				CLANG_ANALYZER_NONNULL = YES;
				CLANG_ANALYZER_NUMBER_OBJECT_CONVERSION = YES_AGGRESSIVE;
				CLANG_CXX_LANGUAGE_STANDARD = "gnu++0x";
				CLANG_CXX_LIBRARY = "libc++";
				CLANG_ENABLE_MODULES = YES;
				CLANG_ENABLE_OBJC_ARC = YES;
				CLANG_WARN_BOOL_CONVERSION = YES;
				CLANG_WARN_CONSTANT_CONVERSION = YES;
				CLANG_WARN_DIRECT_OBJC_ISA_USAGE = YES_ERROR;
				CLANG_WARN_DOCUMENTATION_COMMENTS = YES;
				CLANG_WARN_EMPTY_BODY = YES;
				CLANG_WARN_ENUM_CONVERSION = YES;
				CLANG_WARN_INFINITE_RECURSION = YES;
				CLANG_WARN_INT_CONVERSION = YES;
				CLANG_WARN_OBJC_ROOT_CLASS = YES_ERROR;
				CLANG_WARN_SUSPICIOUS_MOVE = YES;
				CLANG_WARN_UNREACHABLE_CODE = YES;
				CLANG_WARN__DUPLICATE_METHOD_MATCH = YES;
				"CODE_SIGN_IDENTITY[sdk=iphoneos*]" = "iPhone Developer";
				COPY_PHASE_STRIP = NO;
				DEBUG_INFORMATION_FORMAT = "dwarf-with-dsym";
				ENABLE_NS_ASSERTIONS = NO;
				ENABLE_STRICT_OBJC_MSGSEND = YES;
				GCC_C_LANGUAGE_STANDARD = gnu99;
				GCC_NO_COMMON_BLOCKS = YES;
				GCC_WARN_64_TO_32_BIT_CONVERSION = YES;
				GCC_WARN_ABOUT_RETURN_TYPE = YES_ERROR;
				GCC_WARN_UNDECLARED_SELECTOR = YES;
				GCC_WARN_UNINITIALIZED_AUTOS = YES_AGGRESSIVE;
				GCC_WARN_UNUSED_FUNCTION = YES;
				GCC_WARN_UNUSED_VARIABLE = YES;
				IPHONEOS_DEPLOYMENT_TARGET = 10.3;
				MTL_ENABLE_DEBUG_INFO = NO;
				SDKROOT = iphoneos;
				TARGETED_DEVICE_FAMILY = "1,2";
				VALIDATE_PRODUCT = YES;
			};
			name = Release;
		};
		11A351371F0B67B1006134A2 /* Debug */ = {
			isa = XCBuildConfiguration;
			baseConfigurationReference = 68552156E6C54B0F3BC50D0A /* Pods-EMDemo.debug.xcconfig */;
			buildSettings = {
				ASSETCATALOG_COMPILER_APPICON_NAME = AppIcon;
				DEVELOPMENT_TEAM = 5S24Y9KL4M;
				INFOPLIST_FILE = EMDemo/Info.plist;
				LD_RUNPATH_SEARCH_PATHS = "$(inherited) @executable_path/Frameworks";
				PRODUCT_BUNDLE_IDENTIFIER = "b-Mac.EMDemo";
				PRODUCT_NAME = "$(TARGET_NAME)";
			};
			name = Debug;
		};
		11A351381F0B67B1006134A2 /* Release */ = {
			isa = XCBuildConfiguration;
			baseConfigurationReference = 3B16CBE178394FD6D1C7D6D8 /* Pods-EMDemo.release.xcconfig */;
			buildSettings = {
				ASSETCATALOG_COMPILER_APPICON_NAME = AppIcon;
				DEVELOPMENT_TEAM = 5S24Y9KL4M;
				INFOPLIST_FILE = EMDemo/Info.plist;
				LD_RUNPATH_SEARCH_PATHS = "$(inherited) @executable_path/Frameworks";
				PRODUCT_BUNDLE_IDENTIFIER = "b-Mac.EMDemo";
				PRODUCT_NAME = "$(TARGET_NAME)";
			};
			name = Release;
		};
/* End XCBuildConfiguration section */

/* Begin XCConfigurationList section */
		11A3511A1F0B67B1006134A2 /* Build configuration list for PBXProject "EMDemo" */ = {
			isa = XCConfigurationList;
			buildConfigurations = (
				11A351341F0B67B1006134A2 /* Debug */,
				11A351351F0B67B1006134A2 /* Release */,
			);
			defaultConfigurationIsVisible = 0;
			defaultConfigurationName = Release;
		};
		11A351361F0B67B1006134A2 /* Build configuration list for PBXNativeTarget "EMDemo" */ = {
			isa = XCConfigurationList;
			buildConfigurations = (
				11A351371F0B67B1006134A2 /* Debug */,
				11A351381F0B67B1006134A2 /* Release */,
			);
			defaultConfigurationIsVisible = 0;
			defaultConfigurationName = Release;
		};
/* End XCConfigurationList section */
	};
	rootObject = 11A351171F0B67B1006134A2 /* Project object */;
}
