PODS:
  - EaseMobSDKFull (2.3.2)
  - Masonry (1.0.2)

DEPENDENCIES:
  - EaseMobSDKFull (from `https://github.com/easemob/sdk-ios-cocoapods-integration.git`)
  - Masonry

EXTERNAL SOURCES:
  EaseMobSDKFull:
    :git: https://github.com/easemob/sdk-ios-cocoapods-integration.git

CHECKOUT OPTIONS:
  EaseMobSDKFull:
    :commit: 988e9f33e408e50981d45f971a14681815cd517f
    :git: https://github.com/easemob/sdk-ios-cocoapods-integration.git

SPEC CHECKSUMS:
  EaseMobSDKFull: 8649d2f2c9d37507baf4834a622bcbf0a982877f
  Masonry: 7c429b56da9d4ee0bbb3ed77a5ea710d6a5df39e

PODFILE CHECKSUM: 34caf9048d61cf52f9405c574870d7140e95155f

COCOAPODS: 1.2.1
